
Microsoft Visual Studio Solution File, Format Version 12.00
# Visual Studio Version 16
VisualStudioVersion = 16.0.30002.166
MinimumVisualStudioVersion = 10.0.40219.1
Project("{FAE04EC0-301F-11D3-BF4B-00C04F79EFBC}") = "GeorgianFurniture", "GeorgianFurniture.csproj", "{858171F1-2955-4038-8E02-613EF108554E}"
EndProject
Global
	GlobalSection(SolutionConfigurationPlatforms) = preSolution
		Debug|Any CPU = Debug|Any CPU
		Release|Any CPU = Release|Any CPU
	EndGlobalSection
	GlobalSection(ProjectConfigurationPlatforms) = postSolution
		{858171F1-2955-4038-8E02-613EF108554E}.Debug|Any CPU.ActiveCfg = Debug|Any CPU
		{858171F1-2955-4038-8E02-613EF108554E}.Debug|Any CPU.Build.0 = Debug|Any CPU
		{858171F1-2955-4038-8E02-613EF108554E}.Release|Any CPU.ActiveCfg = Release|Any CPU
		{858171F1-2955-4038-8E02-613EF108554E}.Release|Any CPU.Build.0 = Release|Any CPU
	EndGlobalSection
	GlobalSection(SolutionProperties) = preSolution
		HideSolutionNode = FALSE
	EndGlobalSection
	GlobalSection(ExtensibilityGlobals) = postSolution
		SolutionGuid = {504FECAD-7A78-47EB-BC6E-7B4ACC405BE8}
	EndGlobalSection
EndGlobal
